
Microsoft Visual Studio Solution File, Format Version 12.00
# Visual Studio 15
VisualStudioVersion = 15.0.27428.1
MinimumVisualStudioVersion = 10.0.40219.1
Project("{FAE04EC0-301F-11D3-BF4B-00C04F79EFBC}") = "RR.Services.Images", "RR.Services.Images\RR.Services.Images.csproj", "{D44E54FD-E3EB-4F38-AA9A-D49C86CB7A5E}"
EndProject
Global
	GlobalSection(SolutionConfigurationPlatforms) = preSolution
		Debug|Any CPU = Debug|Any CPU
		Release|Any CPU = Release|Any CPU
	EndGlobalSection
	GlobalSection(ProjectConfigurationPlatforms) = postSolution
		{D44E54FD-E3EB-4F38-AA9A-D49C86CB7A5E}.Debug|Any CPU.ActiveCfg = Debug|Any CPU
		{D44E54FD-E3EB-4F38-AA9A-D49C86CB7A5E}.Debug|Any CPU.Build.0 = Debug|Any CPU
		{D44E54FD-E3EB-4F38-AA9A-D49C86CB7A5E}.Release|Any CPU.ActiveCfg = Release|Any CPU
		{D44E54FD-E3EB-4F38-AA9A-D49C86CB7A5E}.Release|Any CPU.Build.0 = Release|Any CPU
	EndGlobalSection
	GlobalSection(SolutionProperties) = preSolution
		HideSolutionNode = FALSE
	EndGlobalSection
	GlobalSection(ExtensibilityGlobals) = postSolution
		SolutionGuid = {B8EE172C-9324-4F7F-8A1F-189F5666997F}
	EndGlobalSection
EndGlobal
